
Microsoft Visual Studio Solution File, Format Version 12.00
# Visual Studio Version 17
VisualStudioVersion = 17.9.34622.214
MinimumVisualStudioVersion = 10.0.40219.1
Project("{FAE04EC0-301F-11D3-BF4B-00C04F79EFBC}") = "BankingApp", "BankingApp\BankingApp.csproj", "{25F7162C-CECA-4622-9CB0-4924367E6471}"
EndProject
Project("{FAE04EC0-301F-11D3-BF4B-00C04F79EFBC}") = "BankingApp.BLL", "BankingApp.BLL\BankingApp.BLL.csproj", "{A1613BDF-9BF6-4E12-9914-58F35E11DAD7}"
EndProject
Project("{FAE04EC0-301F-11D3-BF4B-00C04F79EFBC}") = "BankingApp.DAL", "BankingApp.DAL\BankingApp.DAL.csproj", "{714DDEA1-96F0-462A-9954-B9563FBA59C9}"
EndProject
Project("{FAE04EC0-301F-11D3-BF4B-00C04F79EFBC}") = "BankingAppTests", "BankingAppTests\BankingAppTests.csproj", "{B01F5B8B-637E-4526-B5F5-2B6A02A6805F}"
EndProject
Global
	GlobalSection(SolutionConfigurationPlatforms) = preSolution
		Debug|Any CPU = Debug|Any CPU
		Release|Any CPU = Release|Any CPU
	EndGlobalSection
	GlobalSection(ProjectConfigurationPlatforms) = postSolution
		{25F7162C-CECA-4622-9CB0-4924367E6471}.Debug|Any CPU.ActiveCfg = Debug|Any CPU
		{25F7162C-CECA-4622-9CB0-4924367E6471}.Debug|Any CPU.Build.0 = Debug|Any CPU
		{25F7162C-CECA-4622-9CB0-4924367E6471}.Release|Any CPU.ActiveCfg = Release|Any CPU
		{25F7162C-CECA-4622-9CB0-4924367E6471}.Release|Any CPU.Build.0 = Release|Any CPU
		{A1613BDF-9BF6-4E12-9914-58F35E11DAD7}.Debug|Any CPU.ActiveCfg = Debug|Any CPU
		{A1613BDF-9BF6-4E12-9914-58F35E11DAD7}.Debug|Any CPU.Build.0 = Debug|Any CPU
		{A1613BDF-9BF6-4E12-9914-58F35E11DAD7}.Release|Any CPU.ActiveCfg = Release|Any CPU
		{A1613BDF-9BF6-4E12-9914-58F35E11DAD7}.Release|Any CPU.Build.0 = Release|Any CPU
		{714DDEA1-96F0-462A-9954-B9563FBA59C9}.Debug|Any CPU.ActiveCfg = Debug|Any CPU
		{714DDEA1-96F0-462A-9954-B9563FBA59C9}.Debug|Any CPU.Build.0 = Debug|Any CPU
		{714DDEA1-96F0-462A-9954-B9563FBA59C9}.Release|Any CPU.ActiveCfg = Release|Any CPU
		{714DDEA1-96F0-462A-9954-B9563FBA59C9}.Release|Any CPU.Build.0 = Release|Any CPU
		{B01F5B8B-637E-4526-B5F5-2B6A02A6805F}.Debug|Any CPU.ActiveCfg = Debug|Any CPU
		{B01F5B8B-637E-4526-B5F5-2B6A02A6805F}.Debug|Any CPU.Build.0 = Debug|Any CPU
		{B01F5B8B-637E-4526-B5F5-2B6A02A6805F}.Release|Any CPU.ActiveCfg = Release|Any CPU
		{B01F5B8B-637E-4526-B5F5-2B6A02A6805F}.Release|Any CPU.Build.0 = Release|Any CPU
	EndGlobalSection
	GlobalSection(SolutionProperties) = preSolution
		HideSolutionNode = FALSE
	EndGlobalSection
	GlobalSection(ExtensibilityGlobals) = postSolution
		SolutionGuid = {0D8B371B-F0EE-40E8-99A1-D3C9BED3F7C8}
	EndGlobalSection
EndGlobal
